<?xml version="1.0" encoding="utf-8"?>
<Project ToolsVersion="4.0" xmlns="http://schemas.microsoft.com/developer/msbuild/2003">
  <ItemGroup>
    <Filter Include="Fichiers sources">
      <UniqueIdentifier>{4FC737F1-C7A5-4376-A066-2A32D752A2FF}</UniqueIdentifier>
      <Extensions>cpp;c;cc;cxx;def;odl;idl;hpj;bat;asm;asmx</Extensions>
    </Filter>
    <Filter Include="Fichiers d%27en-tête">
      <UniqueIdentifier>{93995380-89BD-4b04-88EB-625FBE52EBFB}</UniqueIdentifier>
      <Extensions>h;hpp;hxx;hm;inl;inc;xsd</Extensions>
    </Filter>
    <Filter Include="Fichiers de ressources">
      <UniqueIdentifier>{67DA6AB6-F800-4c08-8B7A-83BB121AAD01}</UniqueIdentifier>
      <Extensions>rc;ico;cur;bmp;dlg;rc2;rct;bin;rgs;gif;jpg;jpeg;jpe;resx;tiff;tif;png;wav;mfcribbon-ms</Extensions>
    </Filter>
    <Filter Include="Fichiers sources\Callback_impl">
      <UniqueIdentifier>{d9663a4d-c004-4362-9da4-a64f9d6b9035}</UniqueIdentifier>
    </Filter>
    <Filter Include="Fichiers d%27en-tête\Callback_impl">
      <UniqueIdentifier>{985d7bc4-715b-4d26-83f7-a3ae36315d53}</UniqueIdentifier>
    </Filter>
    <Filter Include="Fichiers d%27en-tête\bulletml">
      <UniqueIdentifier>{19256aca-3641-4df5-9fb0-b14f6e4d0af0}</UniqueIdentifier>
    </Filter>
    <Filter Include="Fichiers sources\bulletml">
      <UniqueIdentifier>{2c4e2ea6-0d9f-4184-b796-9ebff694bbd5}</UniqueIdentifier>
    </Filter>
    <Filter Include="Fichiers d%27en-tête\QuadTree">
      <UniqueIdentifier>{bdf18339-2c84-4868-8d16-4ae0c65d82cb}</UniqueIdentifier>
    </Filter>
    <Filter Include="Fichiers sources\QuadTree">
      <UniqueIdentifier>{3c2eb317-4d9c-4975-9bde-8f45daa3083c}</UniqueIdentifier>
    </Filter>
  </ItemGroup>
  <ItemGroup>
    <ClCompile Include="src\Callback.cpp">
      <Filter>Fichiers sources</Filter>
    </ClCompile>
    <ClCompile Include="src\Game.cpp">
      <Filter>Fichiers sources</Filter>
    </ClCompile>
    <ClCompile Include="src\GameStateManager.cpp">
      <Filter>Fichiers sources</Filter>
    </ClCompile>
    <ClCompile Include="src\InputManager.cpp">
      <Filter>Fichiers sources</Filter>
    </ClCompile>
    <ClCompile Include="src\main.cpp">
      <Filter>Fichiers sources</Filter>
    </ClCompile>
    <ClCompile Include="src\Callback_Impl\Callback_Impl_Function.cpp">
      <Filter>Fichiers sources\Callback_impl</Filter>
    </ClCompile>
    <ClCompile Include="src\Loading.cpp">
      <Filter>Fichiers sources</Filter>
    </ClCompile>
    <ClCompile Include="src\RendererManager.cpp">
      <Filter>Fichiers sources</Filter>
    </ClCompile>
    <ClCompile Include="src\Event.cpp">
      <Filter>Fichiers sources</Filter>
    </ClCompile>
    <ClCompile Include="src\EventDispatcher.cpp">
      <Filter>Fichiers sources</Filter>
    </ClCompile>
    <ClCompile Include="src\GameObject.cpp">
      <Filter>Fichiers sources</Filter>
    </ClCompile>
    <ClCompile Include="src\GameObjectManager.cpp">
      <Filter>Fichiers sources</Filter>
    </ClCompile>
    <ClCompile Include="src\PhysicObject.cpp">
      <Filter>Fichiers sources</Filter>
    </ClCompile>
    <ClCompile Include="src\ManagerManager.cpp">
      <Filter>Fichiers sources</Filter>
    </ClCompile>
    <ClCompile Include="src\Sprite.cpp">
      <Filter>Fichiers sources</Filter>
    </ClCompile>
    <ClCompile Include="src\bulletml\formula-variables.cc">
      <Filter>Fichiers sources\bulletml</Filter>
    </ClCompile>
    <ClCompile Include="src\bulletml\bulletmltree.cc">
      <Filter>Fichiers sources\bulletml</Filter>
    </ClCompile>
    <ClCompile Include="src\bulletml\bulletmlrunnerimpl.cc">
      <Filter>Fichiers sources\bulletml</Filter>
    </ClCompile>
    <ClCompile Include="src\bulletml\bulletmlrunner.cc">
      <Filter>Fichiers sources\bulletml</Filter>
    </ClCompile>
    <ClCompile Include="src\bulletml\bulletmlparser.cc">
      <Filter>Fichiers sources\bulletml</Filter>
    </ClCompile>
    <ClCompile Include="src\bulletml\bulletmlparser-tinyxml.cc">
      <Filter>Fichiers sources\bulletml</Filter>
    </ClCompile>
    <ClCompile Include="src\bulletml\calc.cc">
      <Filter>Fichiers sources\bulletml</Filter>
    </ClCompile>
    <ClCompile Include="src\bulletml\tinyxml\tinyxml.cpp">
      <Filter>Fichiers sources\bulletml</Filter>
    </ClCompile>
    <ClCompile Include="src\bulletml\tinyxml\tinyxmlerror.cpp">
      <Filter>Fichiers sources\bulletml</Filter>
    </ClCompile>
    <ClCompile Include="src\bulletml\tinyxml\tinyxmlparser.cpp">
      <Filter>Fichiers sources\bulletml</Filter>
    </ClCompile>
    <ClCompile Include="src\GameState.cpp">
      <Filter>Fichiers sources</Filter>
    </ClCompile>
    <ClCompile Include="src\Bullet.cpp">
      <Filter>Fichiers sources</Filter>
    </ClCompile>
    <ClCompile Include="src\BulletCommand.cpp">
      <Filter>Fichiers sources</Filter>
    </ClCompile>
    <ClCompile Include="src\BulletResourceManager.cpp">
      <Filter>Fichiers sources</Filter>
    </ClCompile>
    <ClCompile Include="src\PhysicManager.cpp">
      <Filter>Fichiers sources</Filter>
    </ClCompile>
    <ClCompile Include="src\CircleHitBox.cpp">
      <Filter>Fichiers sources</Filter>
    </ClCompile>
    <ClCompile Include="src\HitBox.cpp">
      <Filter>Fichiers sources</Filter>
    </ClCompile>
    <ClCompile Include="src\PolyHitBox.cpp">
      <Filter>Fichiers sources</Filter>
    </ClCompile>
    <ClCompile Include="src\RectHitBox.cpp">
      <Filter>Fichiers sources</Filter>
    </ClCompile>
    <ClCompile Include="src\TimeEffectManager.cpp">
      <Filter>Fichiers sources</Filter>
    </ClCompile>
    <ClCompile Include="src\GUIManager.cpp">
      <Filter>Fichiers sources</Filter>
    </ClCompile>
    <ClCompile Include="src\QuadTree\QuadTree.cpp">
      <Filter>Fichiers sources\QuadTree</Filter>
    </ClCompile>
    <ClCompile Include="src\QuadTree\TreeElement.cpp">
      <Filter>Fichiers sources\QuadTree</Filter>
    </ClCompile>
    <ClCompile Include="src\QuadTree\Node.cpp">
      <Filter>Fichiers sources\QuadTree</Filter>
    </ClCompile>
  </ItemGroup>
  <ItemGroup>
    <ClInclude Include="src\Game.hpp">
      <Filter>Fichiers d%27en-tête</Filter>
    </ClInclude>
    <ClInclude Include="src\GameState.hpp">
      <Filter>Fichiers d%27en-tête</Filter>
    </ClInclude>
    <ClInclude Include="src\GameStateManager.hpp">
      <Filter>Fichiers d%27en-tête</Filter>
    </ClInclude>
    <ClInclude Include="src\InputManager.hpp">
      <Filter>Fichiers d%27en-tête</Filter>
    </ClInclude>
    <ClInclude Include="src\NonCopyable.hpp">
      <Filter>Fichiers d%27en-tête</Filter>
    </ClInclude>
    <ClInclude Include="src\Singleton.hpp">
      <Filter>Fichiers d%27en-tête</Filter>
    </ClInclude>
    <ClInclude Include="src\Callback_Impl\Callback_Impl.hpp">
      <Filter>Fichiers d%27en-tête\Callback_impl</Filter>
    </ClInclude>
    <ClInclude Include="src\Callback_Impl\Callback_Impl_Function.hpp">
      <Filter>Fichiers d%27en-tête\Callback_impl</Filter>
    </ClInclude>
    <ClInclude Include="src\Callback_Impl\Callback_Impl_Method.hpp">
      <Filter>Fichiers d%27en-tête\Callback_impl</Filter>
    </ClInclude>
    <ClInclude Include="src\Callback_Impl\Callback_Impl_Function_UserData.hpp">
      <Filter>Fichiers d%27en-tête\Callback_impl</Filter>
    </ClInclude>
    <ClInclude Include="src\Callback_Impl\Callback_Impl_Method_UserData.hpp">
      <Filter>Fichiers d%27en-tête\Callback_impl</Filter>
    </ClInclude>
    <ClInclude Include="src\Callback_Impl\Callback_Impl_UserData.hpp">
      <Filter>Fichiers d%27en-tête\Callback_impl</Filter>
    </ClInclude>
    <ClInclude Include="src\Loading.hpp">
      <Filter>Fichiers d%27en-tête</Filter>
    </ClInclude>
    <ClInclude Include="src\Callback.hpp">
      <Filter>Fichiers d%27en-tête</Filter>
    </ClInclude>
    <ClInclude Include="src\RendererManager.hpp">
      <Filter>Fichiers d%27en-tête</Filter>
    </ClInclude>
    <ClInclude Include="src\Clock.hpp">
      <Filter>Fichiers d%27en-tête</Filter>
    </ClInclude>
    <ClInclude Include="src\Event.hpp">
      <Filter>Fichiers d%27en-tête</Filter>
    </ClInclude>
    <ClInclude Include="src\EventDispatcher.hpp">
      <Filter>Fichiers d%27en-tête</Filter>
    </ClInclude>
    <ClInclude Include="src\GameObject.hpp">
      <Filter>Fichiers d%27en-tête</Filter>
    </ClInclude>
    <ClInclude Include="src\Callback_Impl\Callback_Impl_Function_UserData2.hpp">
      <Filter>Fichiers d%27en-tête</Filter>
    </ClInclude>
    <ClInclude Include="src\Callback_Impl\Callback_Impl_Method_UserData2.hpp">
      <Filter>Fichiers d%27en-tête</Filter>
    </ClInclude>
    <ClInclude Include="src\GameObjectManager.hpp">
      <Filter>Fichiers d%27en-tête</Filter>
    </ClInclude>
    <ClInclude Include="src\PhysicObject.hpp">
      <Filter>Fichiers d%27en-tête</Filter>
    </ClInclude>
    <ClInclude Include="src\Manager.hpp">
      <Filter>Fichiers d%27en-tête</Filter>
    </ClInclude>
    <ClInclude Include="src\ManagerManager.hpp">
      <Filter>Fichiers d%27en-tête</Filter>
    </ClInclude>
    <ClInclude Include="src\DrawableObject.hpp">
      <Filter>Fichiers d%27en-tête</Filter>
    </ClInclude>
    <ClInclude Include="src\Sprite.hpp">
      <Filter>Fichiers d%27en-tête</Filter>
    </ClInclude>
    <ClInclude Include="src\bulletml\auto_ptr_fix.h">
      <Filter>Fichiers d%27en-tête\bulletml</Filter>
    </ClInclude>
    <ClInclude Include="src\bulletml\bulletmltree.h">
      <Filter>Fichiers d%27en-tête\bulletml</Filter>
    </ClInclude>
    <ClInclude Include="src\bulletml\bulletmlcommon.h">
      <Filter>Fichiers d%27en-tête\bulletml</Filter>
    </ClInclude>
    <ClInclude Include="src\bulletml\bulletmlerror.h">
      <Filter>Fichiers d%27en-tête\bulletml</Filter>
    </ClInclude>
    <ClInclude Include="src\bulletml\bulletmlparser-tinyxml.h">
      <Filter>Fichiers d%27en-tête\bulletml</Filter>
    </ClInclude>
    <ClInclude Include="src\bulletml\bulletmlparser.h">
      <Filter>Fichiers d%27en-tête\bulletml</Filter>
    </ClInclude>
    <ClInclude Include="src\bulletml\bulletmlrunner.h">
      <Filter>Fichiers d%27en-tête\bulletml</Filter>
    </ClInclude>
    <ClInclude Include="src\bulletml\bulletmlrunnerimpl.h">
      <Filter>Fichiers d%27en-tête\bulletml</Filter>
    </ClInclude>
    <ClInclude Include="src\bulletml\calc.h">
      <Filter>Fichiers d%27en-tête\bulletml</Filter>
    </ClInclude>
    <ClInclude Include="src\bulletml\formula-variables.h">
      <Filter>Fichiers d%27en-tête\bulletml</Filter>
    </ClInclude>
    <ClInclude Include="src\bulletml\formula.h">
      <Filter>Fichiers d%27en-tête\bulletml</Filter>
    </ClInclude>
    <ClInclude Include="src\bulletml\tree.h">
      <Filter>Fichiers d%27en-tête\bulletml</Filter>
    </ClInclude>
    <ClInclude Include="src\bulletml\tinyxml\tinyxml.h">
      <Filter>Fichiers d%27en-tête\bulletml</Filter>
    </ClInclude>
    <ClInclude Include="src\Bullet.hpp">
      <Filter>Fichiers d%27en-tête</Filter>
    </ClInclude>
    <ClInclude Include="src\BulletCommand.hpp">
      <Filter>Fichiers d%27en-tête</Filter>
    </ClInclude>
    <ClInclude Include="src\BulletResourceManager.hpp">
      <Filter>Fichiers d%27en-tête</Filter>
    </ClInclude>
    <ClInclude Include="src\PhysicManager.hpp">
      <Filter>Fichiers d%27en-tête</Filter>
    </ClInclude>
    <ClInclude Include="src\CircleHitBox.hpp">
      <Filter>Fichiers d%27en-tête</Filter>
    </ClInclude>
    <ClInclude Include="src\HitBox.hpp">
      <Filter>Fichiers d%27en-tête</Filter>
    </ClInclude>
    <ClInclude Include="src\PolyHitBox.hpp">
      <Filter>Fichiers d%27en-tête</Filter>
    </ClInclude>
    <ClInclude Include="src\RectHitBox.hpp">
      <Filter>Fichiers d%27en-tête</Filter>
    </ClInclude>
    <ClInclude Include="src\TimeEffectManager.hpp">
      <Filter>Fichiers d%27en-tête</Filter>
    </ClInclude>
    <ClInclude Include="src\GUIManager.hpp">
      <Filter>Fichiers d%27en-tête</Filter>
    </ClInclude>
    <ClInclude Include="src\QuadTree\QuadTree.hpp">
      <Filter>Fichiers d%27en-tête\QuadTree</Filter>
    </ClInclude>
    <ClInclude Include="src\QuadTree\TreeElement.hpp">
      <Filter>Fichiers d%27en-tête\QuadTree</Filter>
    </ClInclude>
    <ClInclude Include="src\QuadTree\Node.hpp">
      <Filter>Fichiers d%27en-tête\QuadTree</Filter>
    </ClInclude>
    <ClInclude Include="src\IPhysicsSubscriber.hpp">
      <Filter>Fichiers d%27en-tête</Filter>
    </ClInclude>
    <ClInclude Include="src\PhysicsSubscriber.hpp">
      <Filter>Fichiers d%27en-tête</Filter>
    </ClInclude>
    <ClInclude Include="src\PhysicsSubscriber2.hpp">
      <Filter>Fichiers d%27en-tête</Filter>
    </ClInclude>
  </ItemGroup>
  <ItemGroup>
    <None Include="src\Callback.ipp" />
    <None Include="src\Callback_Impl\Callback_Impl_Function_UserData.ipp" />
    <None Include="src\Callback_Impl\Callback_Impl_Method.ipp" />
    <None Include="src\Callback_Impl\Callback_Impl_Method_UserData.ipp" />
    <None Include="src\Callback_Impl\Callback_Impl_UserData.ipp" />
    <None Include="src\GameObjectManager.ipp" />
    <None Include="src\bulletml\calc.yy">
      <Filter>Fichiers sources</Filter>
    </None>
    <None Include="resource\test.xml" />
  </ItemGroup>
</Project>